
Microsoft Visual Studio Solution File, Format Version 12.00
# Visual Studio Version 17
VisualStudioVersion = 17.9.34728.123
MinimumVisualStudioVersion = 10.0.40219.1
Project("{8BC9CEB8-8B4A-11D0-8D11-00A0C91BC942}") = "Smash_Bros", "Smash_Bros\Smash_Bros.vcxproj", "{7A064055-A739-4B0A-8442-A81E2DC7A96D}"
EndProject
Global
	GlobalSection(SolutionConfigurationPlatforms) = preSolution
		Debug|x64 = Debug|x64
		Debug|x86 = Debug|x86
		Release|x64 = Release|x64
		Release|x86 = Release|x86
	EndGlobalSection
	GlobalSection(ProjectConfigurationPlatforms) = postSolution
		{7A064055-A739-4B0A-8442-A81E2DC7A96D}.Debug|x64.ActiveCfg = Debug|x64
		{7A064055-A739-4B0A-8442-A81E2DC7A96D}.Debug|x64.Build.0 = Debug|x64
		{7A064055-A739-4B0A-8442-A81E2DC7A96D}.Debug|x86.ActiveCfg = Debug|Win32
		{7A064055-A739-4B0A-8442-A81E2DC7A96D}.Debug|x86.Build.0 = Debug|Win32
		{7A064055-A739-4B0A-8442-A81E2DC7A96D}.Release|x64.ActiveCfg = Release|x64
		{7A064055-A739-4B0A-8442-A81E2DC7A96D}.Release|x64.Build.0 = Release|x64
		{7A064055-A739-4B0A-8442-A81E2DC7A96D}.Release|x86.ActiveCfg = Release|Win32
		{7A064055-A739-4B0A-8442-A81E2DC7A96D}.Release|x86.Build.0 = Release|Win32
	EndGlobalSection
	GlobalSection(SolutionProperties) = preSolution
		HideSolutionNode = FALSE
	EndGlobalSection
	GlobalSection(ExtensibilityGlobals) = postSolution
		SolutionGuid = {3EDF8BCE-3997-49A8-95CB-2F671CC166EF}
	EndGlobalSection
EndGlobal
